
Microsoft Visual Studio Solution File, Format Version 12.00
# Visual Studio Version 17
VisualStudioVersion = 17.14.37301.10
MinimumVisualStudioVersion = 10.0.40219.1
Project("{FAE04EC0-301F-11D3-BF4B-00C04F79EFBC}") = "BankAppApi", "BankAppApi\BankAppApi.csproj", "{AC292D68-46F4-4AAC-B8C7-2273EE3EBC97}"
EndProject
Project("{FAE04EC0-301F-11D3-BF4B-00C04F79EFBC}") = "BankAppApi.Core", "BankAppApi.Core\BankAppApi.Core.csproj", "{2FCC9D13-EC11-4815-95BA-35311607D549}"
EndProject
Project("{FAE04EC0-301F-11D3-BF4B-00C04F79EFBC}") = "BankAppApi.Repository", "BankAppApi.Repository\BankAppApi.Repository.csproj", "{EB6AF1BE-CADB-4D49-820F-C70F6E93505F}"
EndProject
Project("{FAE04EC0-301F-11D3-BF4B-00C04F79EFBC}") = "BankAppApi.Service", "BankAppApi.Service\BankAppApi.Service.csproj", "{DAA4AC03-8D2A-4EC2-ACD0-D40CA2C4113A}"
EndProject
Global
	GlobalSection(SolutionConfigurationPlatforms) = preSolution
		Debug|Any CPU = Debug|Any CPU
		Release|Any CPU = Release|Any CPU
	EndGlobalSection
	GlobalSection(ProjectConfigurationPlatforms) = postSolution
		{AC292D68-46F4-4AAC-B8C7-2273EE3EBC97}.Debug|Any CPU.ActiveCfg = Debug|Any CPU
		{AC292D68-46F4-4AAC-B8C7-2273EE3EBC97}.Debug|Any CPU.Build.0 = Debug|Any CPU
		{AC292D68-46F4-4AAC-B8C7-2273EE3EBC97}.Release|Any CPU.ActiveCfg = Release|Any CPU
		{AC292D68-46F4-4AAC-B8C7-2273EE3EBC97}.Release|Any CPU.Build.0 = Release|Any CPU
		{2FCC9D13-EC11-4815-95BA-35311607D549}.Debug|Any CPU.ActiveCfg = Debug|Any CPU
		{2FCC9D13-EC11-4815-95BA-35311607D549}.Debug|Any CPU.Build.0 = Debug|Any CPU
		{2FCC9D13-EC11-4815-95BA-35311607D549}.Release|Any CPU.ActiveCfg = Release|Any CPU
		{2FCC9D13-EC11-4815-95BA-35311607D549}.Release|Any CPU.Build.0 = Release|Any CPU
		{EB6AF1BE-CADB-4D49-820F-C70F6E93505F}.Debug|Any CPU.ActiveCfg = Debug|Any CPU
		{EB6AF1BE-CADB-4D49-820F-C70F6E93505F}.Debug|Any CPU.Build.0 = Debug|Any CPU
		{EB6AF1BE-CADB-4D49-820F-C70F6E93505F}.Release|Any CPU.ActiveCfg = Release|Any CPU
		{EB6AF1BE-CADB-4D49-820F-C70F6E93505F}.Release|Any CPU.Build.0 = Release|Any CPU
		{DAA4AC03-8D2A-4EC2-ACD0-D40CA2C4113A}.Debug|Any CPU.ActiveCfg = Debug|Any CPU
		{DAA4AC03-8D2A-4EC2-ACD0-D40CA2C4113A}.Debug|Any CPU.Build.0 = Debug|Any CPU
		{DAA4AC03-8D2A-4EC2-ACD0-D40CA2C4113A}.Release|Any CPU.ActiveCfg = Release|Any CPU
		{DAA4AC03-8D2A-4EC2-ACD0-D40CA2C4113A}.Release|Any CPU.Build.0 = Release|Any CPU
	EndGlobalSection
	GlobalSection(SolutionProperties) = preSolution
		HideSolutionNode = FALSE
	EndGlobalSection
	GlobalSection(ExtensibilityGlobals) = postSolution
		SolutionGuid = {2C7C4811-B401-422E-ADEA-7F05551E7809}
	EndGlobalSection
EndGlobal

